// !$*UTF8*$!
{
	archiveVersion = 1;
	classes = {
	};
	objectVersion = 50;
	objects = {

/* Begin PBXBuildFile section */
		FF3E490F21C1A881003FC144 /* Alamofire.framework in Embed Frameworks */ = {isa = PBXBuildFile; fileRef = FF3E490B21C1A880003FC144 /* Alamofire.framework */; settings = {ATTRIBUTES = (CodeSignOnCopy, RemoveHeadersOnCopy, ); }; };
		FF3E491021C1A881003FC144 /* SwiftyJSON.framework in Embed Frameworks */ = {isa = PBXBuildFile; fileRef = FF3E490C21C1A880003FC144 /* SwiftyJSON.framework */; settings = {ATTRIBUTES = (CodeSignOnCopy, RemoveHeadersOnCopy, ); }; };
		FF3E491121C1A881003FC144 /* Kingfisher.framework in Embed Frameworks */ = {isa = PBXBuildFile; fileRef = FF3E490D21C1A880003FC144 /* Kingfisher.framework */; settings = {ATTRIBUTES = (CodeSignOnCopy, RemoveHeadersOnCopy, ); }; };
		FF3E491221C1A881003FC144 /* Swifter.framework in Embed Frameworks */ = {isa = PBXBuildFile; fileRef = FF3E490E21C1A881003FC144 /* Swifter.framework */; settings = {ATTRIBUTES = (CodeSignOnCopy, RemoveHeadersOnCopy, ); }; };
		FF3EE61F21BF26F500E87053 /* AppDelegate.swift in Sources */ = {isa = PBXBuildFile; fileRef = FF3EE61E21BF26F500E87053 /* AppDelegate.swift */; };
		FF3EE62421BF26F500E87053 /* Main.storyboard in Resources */ = {isa = PBXBuildFile; fileRef = FF3EE62221BF26F500E87053 /* Main.storyboard */; };
		FF3EE62721BF26F500E87053 /* cosmos.xcdatamodeld in Sources */ = {isa = PBXBuildFile; fileRef = FF3EE62521BF26F500E87053 /* cosmos.xcdatamodeld */; };
		FF3EE62921BF26F600E87053 /* Assets.xcassets in Resources */ = {isa = PBXBuildFile; fileRef = FF3EE62821BF26F600E87053 /* Assets.xcassets */; };
		FF3EE62C21BF26F600E87053 /* LaunchScreen.storyboard in Resources */ = {isa = PBXBuildFile; fileRef = FF3EE62A21BF26F600E87053 /* LaunchScreen.storyboard */; };
		FF3EE64221BF26F600E87053 /* cosmosUITests.swift in Sources */ = {isa = PBXBuildFile; fileRef = FF3EE64121BF26F600E87053 /* cosmosUITests.swift */; };
		FF3EE65921BF32CF00E87053 /* LaunchViewController.swift in Sources */ = {isa = PBXBuildFile; fileRef = FF3EE65821BF32CF00E87053 /* LaunchViewController.swift */; };
		FF3EE65B21BF342C00E87053 /* NetworkController.swift in Sources */ = {isa = PBXBuildFile; fileRef = FF3EE65A21BF342C00E87053 /* NetworkController.swift */; };
		FF3EE66721BF384000E87053 /* README.md in Resources */ = {isa = PBXBuildFile; fileRef = FF3EE66521BF384000E87053 /* README.md */; };
		FF3EE66821BF384000E87053 /* README.md in Resources */ = {isa = PBXBuildFile; fileRef = FF3EE66521BF384000E87053 /* README.md */; };
		FF3EE66921BF384000E87053 /* README.md in Resources */ = {isa = PBXBuildFile; fileRef = FF3EE66521BF384000E87053 /* README.md */; };
		FF3EE66A21BF384000E87053 /* LICENSE in Resources */ = {isa = PBXBuildFile; fileRef = FF3EE66621BF384000E87053 /* LICENSE */; };
		FF3EE66B21BF384000E87053 /* LICENSE in Resources */ = {isa = PBXBuildFile; fileRef = FF3EE66621BF384000E87053 /* LICENSE */; };
		FF3EE66C21BF384000E87053 /* LICENSE in Resources */ = {isa = PBXBuildFile; fileRef = FF3EE66621BF384000E87053 /* LICENSE */; };
		FF3EE66E21BF38AD00E87053 /* ExploreViewController.swift in Sources */ = {isa = PBXBuildFile; fileRef = FF3EE66D21BF38AD00E87053 /* ExploreViewController.swift */; };
		FF3EE67221BF38BA00E87053 /* DetailViewController.swift in Sources */ = {isa = PBXBuildFile; fileRef = FF3EE67121BF38BA00E87053 /* DetailViewController.swift */; };
		FF3EE68221BF3D0F00E87053 /* Constants.swift in Sources */ = {isa = PBXBuildFile; fileRef = FF3EE68121BF3D0F00E87053 /* Constants.swift */; };
		FF3EE68321BF3D0F00E87053 /* Constants.swift in Sources */ = {isa = PBXBuildFile; fileRef = FF3EE68121BF3D0F00E87053 /* Constants.swift */; };
		FF3EE68421BF3D0F00E87053 /* Constants.swift in Sources */ = {isa = PBXBuildFile; fileRef = FF3EE68121BF3D0F00E87053 /* Constants.swift */; };
		FF3EE68621BF3F5A00E87053 /* Extensions.swift in Sources */ = {isa = PBXBuildFile; fileRef = FF3EE68521BF3F5A00E87053 /* Extensions.swift */; };
		FF3EE68721BF3F5A00E87053 /* Extensions.swift in Sources */ = {isa = PBXBuildFile; fileRef = FF3EE68521BF3F5A00E87053 /* Extensions.swift */; };
		FF3EE68821BF3F5A00E87053 /* Extensions.swift in Sources */ = {isa = PBXBuildFile; fileRef = FF3EE68521BF3F5A00E87053 /* Extensions.swift */; };
		FF3EE68A21BF40B800E87053 /* Tools.swift in Sources */ = {isa = PBXBuildFile; fileRef = FF3EE68921BF40B800E87053 /* Tools.swift */; };
		FF3EE68B21BF40B800E87053 /* Tools.swift in Sources */ = {isa = PBXBuildFile; fileRef = FF3EE68921BF40B800E87053 /* Tools.swift */; };
		FF3EE68C21BF40B800E87053 /* Tools.swift in Sources */ = {isa = PBXBuildFile; fileRef = FF3EE68921BF40B800E87053 /* Tools.swift */; };
		FF3EE69421BFA0FE00E87053 /* PostManager.swift in Sources */ = {isa = PBXBuildFile; fileRef = FF3EE69321BFA0FE00E87053 /* PostManager.swift */; };
		FF3EE69821BFA17F00E87053 /* CoreDataManager.swift in Sources */ = {isa = PBXBuildFile; fileRef = FF3EE69721BFA17F00E87053 /* CoreDataManager.swift */; };
		FF3EE69D21C177A700E87053 /* ExploreTableViewCells.swift in Sources */ = {isa = PBXBuildFile; fileRef = FF3EE69C21C177A700E87053 /* ExploreTableViewCells.swift */; };
		FF66097621C1924F0045AFD5 /* AppDelegate.swift in Sources */ = {isa = PBXBuildFile; fileRef = FF3EE61E21BF26F500E87053 /* AppDelegate.swift */; };
		FF66097721C192500045AFD5 /* AppDelegate.swift in Sources */ = {isa = PBXBuildFile; fileRef = FF3EE61E21BF26F500E87053 /* AppDelegate.swift */; };
		FF98190521C24D5500CCCC4C /* cosmosTests.swift in Sources */ = {isa = PBXBuildFile; fileRef = FF3EE63621BF26F600E87053 /* cosmosTests.swift */; };
/* End PBXBuildFile section */

/* Begin PBXContainerItemProxy section */
		FF3EE63321BF26F600E87053 /* PBXContainerItemProxy */ = {
			isa = PBXContainerItemProxy;
			containerPortal = FF3EE61321BF26F500E87053 /* Project object */;
			proxyType = 1;
			remoteGlobalIDString = FF3EE61A21BF26F500E87053;
			remoteInfo = cosmos;
		};
		FF3EE63E21BF26F600E87053 /* PBXContainerItemProxy */ = {
			isa = PBXContainerItemProxy;
			containerPortal = FF3EE61321BF26F500E87053 /* Project object */;
			proxyType = 1;
			remoteGlobalIDString = FF3EE61A21BF26F500E87053;
			remoteInfo = cosmos;
		};
/* End PBXContainerItemProxy section */

/* Begin PBXCopyFilesBuildPhase section */
		FF3E48CE21C1A56A003FC144 /* Embed Frameworks */ = {
			isa = PBXCopyFilesBuildPhase;
			buildActionMask = 2147483647;
			dstPath = "";
			dstSubfolderSpec = 10;
			files = (
				FF3E490F21C1A881003FC144 /* Alamofire.framework in Embed Frameworks */,
				FF3E491021C1A881003FC144 /* SwiftyJSON.framework in Embed Frameworks */,
				FF3E491121C1A881003FC144 /* Kingfisher.framework in Embed Frameworks */,
				FF3E491221C1A881003FC144 /* Swifter.framework in Embed Frameworks */,
			);
			name = "Embed Frameworks";
			runOnlyForDeploymentPostprocessing = 0;
		};
/* End PBXCopyFilesBuildPhase section */

/* Begin PBXFileReference section */
		FF3E490B21C1A880003FC144 /* Alamofire.framework */ = {isa = PBXFileReference; lastKnownFileType = wrapper.framework; path = Alamofire.framework; sourceTree = "<group>"; };
		FF3E490C21C1A880003FC144 /* SwiftyJSON.framework */ = {isa = PBXFileReference; lastKnownFileType = wrapper.framework; path = SwiftyJSON.framework; sourceTree = "<group>"; };
		FF3E490D21C1A880003FC144 /* Kingfisher.framework */ = {isa = PBXFileReference; lastKnownFileType = wrapper.framework; path = Kingfisher.framework; sourceTree = "<group>"; };
		FF3E490E21C1A881003FC144 /* Swifter.framework */ = {isa = PBXFileReference; lastKnownFileType = wrapper.framework; path = Swifter.framework; sourceTree = "<group>"; };
		FF3EE61B21BF26F500E87053 /* cosmos.app */ = {isa = PBXFileReference; explicitFileType = wrapper.application; includeInIndex = 0; path = cosmos.app; sourceTree = BUILT_PRODUCTS_DIR; };
		FF3EE61E21BF26F500E87053 /* AppDelegate.swift */ = {isa = PBXFileReference; lastKnownFileType = sourcecode.swift; path = AppDelegate.swift; sourceTree = "<group>"; };
		FF3EE62321BF26F500E87053 /* Base */ = {isa = PBXFileReference; lastKnownFileType = file.storyboard; name = Base; path = Base.lproj/Main.storyboard; sourceTree = "<group>"; };
		FF3EE62621BF26F500E87053 /* cosmos.xcdatamodel */ = {isa = PBXFileReference; lastKnownFileType = wrapper.xcdatamodel; path = cosmos.xcdatamodel; sourceTree = "<group>"; };
		FF3EE62821BF26F600E87053 /* Assets.xcassets */ = {isa = PBXFileReference; lastKnownFileType = folder.assetcatalog; path = Assets.xcassets; sourceTree = "<group>"; };
		FF3EE62B21BF26F600E87053 /* Base */ = {isa = PBXFileReference; lastKnownFileType = file.storyboard; name = Base; path = Base.lproj/LaunchScreen.storyboard; sourceTree = "<group>"; };
		FF3EE62D21BF26F600E87053 /* Info.plist */ = {isa = PBXFileReference; lastKnownFileType = text.plist.xml; path = Info.plist; sourceTree = "<group>"; };
		FF3EE63221BF26F600E87053 /* cosmosTests.xctest */ = {isa = PBXFileReference; explicitFileType = wrapper.cfbundle; includeInIndex = 0; path = cosmosTests.xctest; sourceTree = BUILT_PRODUCTS_DIR; };
		FF3EE63621BF26F600E87053 /* cosmosTests.swift */ = {isa = PBXFileReference; lastKnownFileType = sourcecode.swift; path = cosmosTests.swift; sourceTree = "<group>"; };
		FF3EE63821BF26F600E87053 /* Info.plist */ = {isa = PBXFileReference; lastKnownFileType = text.plist.xml; path = Info.plist; sourceTree = "<group>"; };
		FF3EE63D21BF26F600E87053 /* cosmosUITests.xctest */ = {isa = PBXFileReference; explicitFileType = wrapper.cfbundle; includeInIndex = 0; path = cosmosUITests.xctest; sourceTree = BUILT_PRODUCTS_DIR; };
		FF3EE64121BF26F600E87053 /* cosmosUITests.swift */ = {isa = PBXFileReference; lastKnownFileType = sourcecode.swift; path = cosmosUITests.swift; sourceTree = "<group>"; };
		FF3EE64321BF26F600E87053 /* Info.plist */ = {isa = PBXFileReference; lastKnownFileType = text.plist.xml; path = Info.plist; sourceTree = "<group>"; };
		FF3EE65821BF32CF00E87053 /* LaunchViewController.swift */ = {isa = PBXFileReference; lastKnownFileType = sourcecode.swift; path = LaunchViewController.swift; sourceTree = "<group>"; };
		FF3EE65A21BF342C00E87053 /* NetworkController.swift */ = {isa = PBXFileReference; lastKnownFileType = sourcecode.swift; path = NetworkController.swift; sourceTree = "<group>"; };
		FF3EE66521BF384000E87053 /* README.md */ = {isa = PBXFileReference; fileEncoding = 4; lastKnownFileType = net.daringfireball.markdown; path = README.md; sourceTree = "<group>"; };
		FF3EE66621BF384000E87053 /* LICENSE */ = {isa = PBXFileReference; fileEncoding = 4; lastKnownFileType = text; path = LICENSE; sourceTree = "<group>"; };
		FF3EE66D21BF38AD00E87053 /* ExploreViewController.swift */ = {isa = PBXFileReference; lastKnownFileType = sourcecode.swift; path = ExploreViewController.swift; sourceTree = "<group>"; };
		FF3EE67121BF38BA00E87053 /* DetailViewController.swift */ = {isa = PBXFileReference; lastKnownFileType = sourcecode.swift; path = DetailViewController.swift; sourceTree = "<group>"; };
		FF3EE68121BF3D0F00E87053 /* Constants.swift */ = {isa = PBXFileReference; lastKnownFileType = sourcecode.swift; path = Constants.swift; sourceTree = "<group>"; };
		FF3EE68521BF3F5A00E87053 /* Extensions.swift */ = {isa = PBXFileReference; lastKnownFileType = sourcecode.swift; path = Extensions.swift; sourceTree = "<group>"; };
		FF3EE68921BF40B800E87053 /* Tools.swift */ = {isa = PBXFileReference; lastKnownFileType = sourcecode.swift; path = Tools.swift; sourceTree = "<group>"; };
		FF3EE69321BFA0FE00E87053 /* PostManager.swift */ = {isa = PBXFileReference; lastKnownFileType = sourcecode.swift; path = PostManager.swift; sourceTree = "<group>"; };
		FF3EE69721BFA17F00E87053 /* CoreDataManager.swift */ = {isa = PBXFileReference; lastKnownFileType = sourcecode.swift; path = CoreDataManager.swift; sourceTree = "<group>"; };
		FF3EE69C21C177A700E87053 /* ExploreTableViewCells.swift */ = {isa = PBXFileReference; lastKnownFileType = sourcecode.swift; path = ExploreTableViewCells.swift; sourceTree = "<group>"; };
/* End PBXFileReference section */

/* Begin PBXFrameworksBuildPhase section */
		FF3EE61821BF26F500E87053 /* Frameworks */ = {
			isa = PBXFrameworksBuildPhase;
			buildActionMask = 2147483647;
			files = (
			);
			runOnlyForDeploymentPostprocessing = 0;
		};
		FF3EE62F21BF26F600E87053 /* Frameworks */ = {
			isa = PBXFrameworksBuildPhase;
			buildActionMask = 2147483647;
			files = (
			);
			runOnlyForDeploymentPostprocessing = 0;
		};
		FF3EE63A21BF26F600E87053 /* Frameworks */ = {
			isa = PBXFrameworksBuildPhase;
			buildActionMask = 2147483647;
			files = (
			);
			runOnlyForDeploymentPostprocessing = 0;
		};
/* End PBXFrameworksBuildPhase section */

/* Begin PBXGroup section */
		FF3EE61221BF26F500E87053 = {
			isa = PBXGroup;
			children = (
				FF3E490B21C1A880003FC144 /* Alamofire.framework */,
				FF3E490D21C1A880003FC144 /* Kingfisher.framework */,
				FF3E490E21C1A881003FC144 /* Swifter.framework */,
				FF3E490C21C1A880003FC144 /* SwiftyJSON.framework */,
				FF3EE66621BF384000E87053 /* LICENSE */,
				FF3EE66521BF384000E87053 /* README.md */,
				FF3EE61D21BF26F500E87053 /* cosmos */,
				FF3EE63521BF26F600E87053 /* cosmosTests */,
				FF3EE64021BF26F600E87053 /* cosmosUITests */,
				FF3EE61C21BF26F500E87053 /* Products */,
				FF3EE65C21BF36E800E87053 /* Frameworks */,
			);
			sourceTree = "<group>";
		};
		FF3EE61C21BF26F500E87053 /* Products */ = {
			isa = PBXGroup;
			children = (
				FF3EE61B21BF26F500E87053 /* cosmos.app */,
				FF3EE63221BF26F600E87053 /* cosmosTests.xctest */,
				FF3EE63D21BF26F600E87053 /* cosmosUITests.xctest */,
			);
			name = Products;
			sourceTree = "<group>";
		};
		FF3EE61D21BF26F500E87053 /* cosmos */ = {
			isa = PBXGroup;
			children = (
				FF3EE65321BF270E00E87053 /* Supporting Files */,
				FF3EE65221BF270B00E87053 /* Assets */,
				FF3EE65121BF270700E87053 /* Interface */,
				FF3EE65021BF270400E87053 /* Controllers */,
				FF3EE64F21BF270000E87053 /* Models */,
			);
			path = cosmos;
			sourceTree = "<group>";
		};
		FF3EE63521BF26F600E87053 /* cosmosTests */ = {
			isa = PBXGroup;
			children = (
				FF3EE63621BF26F600E87053 /* cosmosTests.swift */,
				FF3EE63821BF26F600E87053 /* Info.plist */,
			);
			path = cosmosTests;
			sourceTree = "<group>";
		};
		FF3EE64021BF26F600E87053 /* cosmosUITests */ = {
			isa = PBXGroup;
			children = (
				FF3EE64121BF26F600E87053 /* cosmosUITests.swift */,
				FF3EE64321BF26F600E87053 /* Info.plist */,
			);
			path = cosmosUITests;
			sourceTree = "<group>";
		};
		FF3EE64F21BF270000E87053 /* Models */ = {
			isa = PBXGroup;
			children = (
				FF3EE65721BF276100E87053 /* CoreData */,
				FF3EE69721BFA17F00E87053 /* CoreDataManager.swift */,
				FF3EE69321BFA0FE00E87053 /* PostManager.swift */,
			);
			path = Models;
			sourceTree = "<group>";
		};
		FF3EE65021BF270400E87053 /* Controllers */ = {
			isa = PBXGroup;
			children = (
				FF3EE65521BF274100E87053 /* Networking */,
				FF3EE65421BF273200E87053 /* ViewControllers */,
			);
			path = Controllers;
			sourceTree = "<group>";
		};
		FF3EE65121BF270700E87053 /* Interface */ = {
			isa = PBXGroup;
			children = (
				FF3EE65621BF275200E87053 /* Storyboards */,
			);
			path = Interface;
			sourceTree = "<group>";
		};
		FF3EE65221BF270B00E87053 /* Assets */ = {
			isa = PBXGroup;
			children = (
				FF3EE62821BF26F600E87053 /* Assets.xcassets */,
			);
			path = Assets;
			sourceTree = "<group>";
		};
		FF3EE65321BF270E00E87053 /* Supporting Files */ = {
			isa = PBXGroup;
			children = (
				FF3EE61E21BF26F500E87053 /* AppDelegate.swift */,
				FF3EE68121BF3D0F00E87053 /* Constants.swift */,
				FF3EE68521BF3F5A00E87053 /* Extensions.swift */,
				FF3EE68921BF40B800E87053 /* Tools.swift */,
				FF3EE62D21BF26F600E87053 /* Info.plist */,
			);
			path = "Supporting Files";
			sourceTree = "<group>";
		};
		FF3EE65421BF273200E87053 /* ViewControllers */ = {
			isa = PBXGroup;
			children = (
				FF3EE69B21C1778B00E87053 /* Components */,
				FF3EE65821BF32CF00E87053 /* LaunchViewController.swift */,
				FF3EE66D21BF38AD00E87053 /* ExploreViewController.swift */,
				FF3EE67121BF38BA00E87053 /* DetailViewController.swift */,
			);
			path = ViewControllers;
			sourceTree = "<group>";
		};
		FF3EE65521BF274100E87053 /* Networking */ = {
			isa = PBXGroup;
			children = (
				FF3EE65A21BF342C00E87053 /* NetworkController.swift */,
			);
			path = Networking;
			sourceTree = "<group>";
		};
		FF3EE65621BF275200E87053 /* Storyboards */ = {
			isa = PBXGroup;
			children = (
				FF3EE62221BF26F500E87053 /* Main.storyboard */,
				FF3EE62A21BF26F600E87053 /* LaunchScreen.storyboard */,
			);
			path = Storyboards;
			sourceTree = "<group>";
		};
		FF3EE65721BF276100E87053 /* CoreData */ = {
			isa = PBXGroup;
			children = (
				FF3EE62521BF26F500E87053 /* cosmos.xcdatamodeld */,
			);
			path = CoreData;
			sourceTree = "<group>";
		};
		FF3EE65C21BF36E800E87053 /* Frameworks */ = {
			isa = PBXGroup;
			children = (
			);
			name = Frameworks;
			sourceTree = "<group>";
		};
		FF3EE69B21C1778B00E87053 /* Components */ = {
			isa = PBXGroup;
			children = (
				FF3EE6A021C17D0500E87053 /* TableViewCells */,
			);
			path = Components;
			sourceTree = "<group>";
		};
		FF3EE6A021C17D0500E87053 /* TableViewCells */ = {
			isa = PBXGroup;
			children = (
				FF3EE69C21C177A700E87053 /* ExploreTableViewCells.swift */,
			);
			path = TableViewCells;
			sourceTree = "<group>";
		};
/* End PBXGroup section */

/* Begin PBXNativeTarget section */
		FF3EE61A21BF26F500E87053 /* cosmos */ = {
			isa = PBXNativeTarget;
			buildConfigurationList = FF3EE64621BF26F600E87053 /* Build configuration list for PBXNativeTarget "cosmos" */;
			buildPhases = (
				FF3EE61721BF26F500E87053 /* Sources */,
				FF3EE61821BF26F500E87053 /* Frameworks */,
				FF3EE61921BF26F500E87053 /* Resources */,
				FF3E48CE21C1A56A003FC144 /* Embed Frameworks */,
			);
			buildRules = (
			);
			dependencies = (
			);
			name = cosmos;
			productName = cosmos;
			productReference = FF3EE61B21BF26F500E87053 /* cosmos.app */;
			productType = "com.apple.product-type.application";
		};
		FF3EE63121BF26F600E87053 /* cosmosTests */ = {
			isa = PBXNativeTarget;
			buildConfigurationList = FF3EE64921BF26F600E87053 /* Build configuration list for PBXNativeTarget "cosmosTests" */;
			buildPhases = (
				FF3EE62E21BF26F600E87053 /* Sources */,
				FF3EE62F21BF26F600E87053 /* Frameworks */,
				FF3EE63021BF26F600E87053 /* Resources */,
			);
			buildRules = (
			);
			dependencies = (
				FF3EE63421BF26F600E87053 /* PBXTargetDependency */,
			);
			name = cosmosTests;
			productName = cosmosTests;
			productReference = FF3EE63221BF26F600E87053 /* cosmosTests.xctest */;
			productType = "com.apple.product-type.bundle.unit-test";
		};
		FF3EE63C21BF26F600E87053 /* cosmosUITests */ = {
			isa = PBXNativeTarget;
			buildConfigurationList = FF3EE64C21BF26F600E87053 /* Build configuration list for PBXNativeTarget "cosmosUITests" */;
			buildPhases = (
				FF3EE63921BF26F600E87053 /* Sources */,
				FF3EE63A21BF26F600E87053 /* Frameworks */,
				FF3EE63B21BF26F600E87053 /* Resources */,
			);
			buildRules = (
			);
			dependencies = (
				FF3EE63F21BF26F600E87053 /* PBXTargetDependency */,
			);
			name = cosmosUITests;
			productName = cosmosUITests;
			productReference = FF3EE63D21BF26F600E87053 /* cosmosUITests.xctest */;
			productType = "com.apple.product-type.bundle.ui-testing";
		};
/* End PBXNativeTarget section */

/* Begin PBXProject section */
		FF3EE61321BF26F500E87053 /* Project object */ = {
			isa = PBXProject;
			attributes = {
				LastSwiftUpdateCheck = 1010;
				LastUpgradeCheck = 1010;
				ORGANIZATIONNAME = nibbit;
				TargetAttributes = {
					FF3EE61A21BF26F500E87053 = {
						CreatedOnToolsVersion = 10.1;
					};
					FF3EE63121BF26F600E87053 = {
						CreatedOnToolsVersion = 10.1;
						TestTargetID = FF3EE61A21BF26F500E87053;
					};
					FF3EE63C21BF26F600E87053 = {
						CreatedOnToolsVersion = 10.1;
						TestTargetID = FF3EE61A21BF26F500E87053;
					};
				};
			};
			buildConfigurationList = FF3EE61621BF26F500E87053 /* Build configuration list for PBXProject "cosmos" */;
			compatibilityVersion = "Xcode 9.3";
			developmentRegion = en;
			hasScannedForEncodings = 0;
			knownRegions = (
				en,
				Base,
			);
			mainGroup = FF3EE61221BF26F500E87053;
			productRefGroup = FF3EE61C21BF26F500E87053 /* Products */;
			projectDirPath = "";
			projectRoot = "";
			targets = (
				FF3EE61A21BF26F500E87053 /* cosmos */,
				FF3EE63121BF26F600E87053 /* cosmosTests */,
				FF3EE63C21BF26F600E87053 /* cosmosUITests */,
			);
		};
/* End PBXProject section */

/* Begin PBXResourcesBuildPhase section */
		FF3EE61921BF26F500E87053 /* Resources */ = {
			isa = PBXResourcesBuildPhase;
			buildActionMask = 2147483647;
			files = (
				FF3EE62C21BF26F600E87053 /* LaunchScreen.storyboard in Resources */,
				FF3EE62921BF26F600E87053 /* Assets.xcassets in Resources */,
				FF3EE66721BF384000E87053 /* README.md in Resources */,
				FF3EE62421BF26F500E87053 /* Main.storyboard in Resources */,
				FF3EE66A21BF384000E87053 /* LICENSE in Resources */,
			);
			runOnlyForDeploymentPostprocessing = 0;
		};
		FF3EE63021BF26F600E87053 /* Resources */ = {
			isa = PBXResourcesBuildPhase;
			buildActionMask = 2147483647;
			files = (
				FF3EE66B21BF384000E87053 /* LICENSE in Resources */,
				FF3EE66821BF384000E87053 /* README.md in Resources */,
			);
			runOnlyForDeploymentPostprocessing = 0;
		};
		FF3EE63B21BF26F600E87053 /* Resources */ = {
			isa = PBXResourcesBuildPhase;
			buildActionMask = 2147483647;
			files = (
				FF3EE66C21BF384000E87053 /* LICENSE in Resources */,
				FF3EE66921BF384000E87053 /* README.md in Resources */,
			);
			runOnlyForDeploymentPostprocessing = 0;
		};
/* End PBXResourcesBuildPhase section */

/* Begin PBXSourcesBuildPhase section */
		FF3EE61721BF26F500E87053 /* Sources */ = {
			isa = PBXSourcesBuildPhase;
			buildActionMask = 2147483647;
			files = (
				FF3EE65B21BF342C00E87053 /* NetworkController.swift in Sources */,
				FF3EE66E21BF38AD00E87053 /* ExploreViewController.swift in Sources */,
				FF3EE61F21BF26F500E87053 /* AppDelegate.swift in Sources */,
				FF3EE69D21C177A700E87053 /* ExploreTableViewCells.swift in Sources */,
				FF3EE68621BF3F5A00E87053 /* Extensions.swift in Sources */,
				FF3EE62721BF26F500E87053 /* cosmos.xcdatamodeld in Sources */,
				FF3EE68221BF3D0F00E87053 /* Constants.swift in Sources */,
				FF3EE68A21BF40B800E87053 /* Tools.swift in Sources */,
				FF3EE69421BFA0FE00E87053 /* PostManager.swift in Sources */,
				FF3EE65921BF32CF00E87053 /* LaunchViewController.swift in Sources */,
				FF3EE67221BF38BA00E87053 /* DetailViewController.swift in Sources */,
				FF3EE69821BFA17F00E87053 /* CoreDataManager.swift in Sources */,
			);
			runOnlyForDeploymentPostprocessing = 0;
		};
		FF3EE62E21BF26F600E87053 /* Sources */ = {
			isa = PBXSourcesBuildPhase;
			buildActionMask = 2147483647;
			files = (
				FF3EE68721BF3F5A00E87053 /* Extensions.swift in Sources */,
				FF3EE68B21BF40B800E87053 /* Tools.swift in Sources */,
				FF66097621C1924F0045AFD5 /* AppDelegate.swift in Sources */,
				FF3EE68321BF3D0F00E87053 /* Constants.swift in Sources */,
				FF98190521C24D5500CCCC4C /* cosmosTests.swift in Sources */,
			);
			runOnlyForDeploymentPostprocessing = 0;
		};
		FF3EE63921BF26F600E87053 /* Sources */ = {
			isa = PBXSourcesBuildPhase;
			buildActionMask = 2147483647;
			files = (
				FF3EE68821BF3F5A00E87053 /* Extensions.swift in Sources */,
				FF3EE68C21BF40B800E87053 /* Tools.swift in Sources */,
				FF3EE64221BF26F600E87053 /* cosmosUITests.swift in Sources */,
				FF66097721C192500045AFD5 /* AppDelegate.swift in Sources */,
				FF3EE68421BF3D0F00E87053 /* Constants.swift in Sources */,
			);
			runOnlyForDeploymentPostprocessing = 0;
		};
/* End PBXSourcesBuildPhase section */

/* Begin PBXTargetDependency section */
		FF3EE63421BF26F600E87053 /* PBXTargetDependency */ = {
			isa = PBXTargetDependency;
			target = FF3EE61A21BF26F500E87053 /* cosmos */;
			targetProxy = FF3EE63321BF26F600E87053 /* PBXContainerItemProxy */;
		};
		FF3EE63F21BF26F600E87053 /* PBXTargetDependency */ = {
			isa = PBXTargetDependency;
			target = FF3EE61A21BF26F500E87053 /* cosmos */;
			targetProxy = FF3EE63E21BF26F600E87053 /* PBXContainerItemProxy */;
		};
/* End PBXTargetDependency section */

/* Begin PBXVariantGroup section */
		FF3EE62221BF26F500E87053 /* Main.storyboard */ = {
			isa = PBXVariantGroup;
			children = (
				FF3EE62321BF26F500E87053 /* Base */,
			);
			name = Main.storyboard;
			sourceTree = "<group>";
		};
		FF3EE62A21BF26F600E87053 /* LaunchScreen.storyboard */ = {
			isa = PBXVariantGroup;
			children = (
				FF3EE62B21BF26F600E87053 /* Base */,
			);
			name = LaunchScreen.storyboard;
			sourceTree = "<group>";
		};
/* End PBXVariantGroup section */

/* Begin XCBuildConfiguration section */
		FF3EE64421BF26F600E87053 /* Debug */ = {
			isa = XCBuildConfiguration;
			buildSettings = {
				ALWAYS_EMBED_SWIFT_STANDARD_LIBRARIES = YES;
				ALWAYS_SEARCH_USER_PATHS = NO;
				CLANG_ANALYZER_NONNULL = YES;
				CLANG_ANALYZER_NUMBER_OBJECT_CONVERSION = YES_AGGRESSIVE;
				CLANG_CXX_LANGUAGE_STANDARD = "gnu++14";
				CLANG_CXX_LIBRARY = "libc++";
				CLANG_ENABLE_MODULES = YES;
				CLANG_ENABLE_OBJC_ARC = YES;
				CLANG_ENABLE_OBJC_WEAK = YES;
				CLANG_WARN_BLOCK_CAPTURE_AUTORELEASING = YES;
				CLANG_WARN_BOOL_CONVERSION = YES;
				CLANG_WARN_COMMA = YES;
				CLANG_WARN_CONSTANT_CONVERSION = YES;
				CLANG_WARN_DEPRECATED_OBJC_IMPLEMENTATIONS = YES;
				CLANG_WARN_DIRECT_OBJC_ISA_USAGE = YES_ERROR;
				CLANG_WARN_DOCUMENTATION_COMMENTS = YES;
				CLANG_WARN_EMPTY_BODY = YES;
				CLANG_WARN_ENUM_CONVERSION = YES;
				CLANG_WARN_INFINITE_RECURSION = YES;
				CLANG_WARN_INT_CONVERSION = YES;
				CLANG_WARN_NON_LITERAL_NULL_CONVERSION = YES;
				CLANG_WARN_OBJC_IMPLICIT_RETAIN_SELF = YES;
				CLANG_WARN_OBJC_LITERAL_CONVERSION = YES;
				CLANG_WARN_OBJC_ROOT_CLASS = YES_ERROR;
				CLANG_WARN_RANGE_LOOP_ANALYSIS = YES;
				CLANG_WARN_STRICT_PROTOTYPES = YES;
				CLANG_WARN_SUSPICIOUS_MOVE = YES;
				CLANG_WARN_UNGUARDED_AVAILABILITY = YES_AGGRESSIVE;
				CLANG_WARN_UNREACHABLE_CODE = YES;
				CLANG_WARN__DUPLICATE_METHOD_MATCH = YES;
				CODE_SIGN_IDENTITY = "iPhone Developer";
				COPY_PHASE_STRIP = NO;
				DEBUG_INFORMATION_FORMAT = dwarf;
				ENABLE_STRICT_OBJC_MSGSEND = YES;
				ENABLE_TESTABILITY = YES;
				GCC_C_LANGUAGE_STANDARD = gnu11;
				GCC_DYNAMIC_NO_PIC = NO;
				GCC_NO_COMMON_BLOCKS = YES;
				GCC_OPTIMIZATION_LEVEL = 0;
				GCC_PREPROCESSOR_DEFINITIONS = (
					"DEBUG=1",
					"$(inherited)",
				);
				GCC_WARN_64_TO_32_BIT_CONVERSION = YES;
				GCC_WARN_ABOUT_RETURN_TYPE = YES_ERROR;
				GCC_WARN_UNDECLARED_SELECTOR = YES;
				GCC_WARN_UNINITIALIZED_AUTOS = YES_AGGRESSIVE;
				GCC_WARN_UNUSED_FUNCTION = YES;
				GCC_WARN_UNUSED_VARIABLE = YES;
				IPHONEOS_DEPLOYMENT_TARGET = 12.1;
				MTL_ENABLE_DEBUG_INFO = INCLUDE_SOURCE;
				MTL_FAST_MATH = YES;
				ONLY_ACTIVE_ARCH = YES;
				SDKROOT = iphoneos;
				SWIFT_ACTIVE_COMPILATION_CONDITIONS = DEBUG;
				SWIFT_OPTIMIZATION_LEVEL = "-Onone";
			};
			name = Debug;
		};
		FF3EE64521BF26F600E87053 /* Release */ = {
			isa = XCBuildConfiguration;
			buildSettings = {
				ALWAYS_EMBED_SWIFT_STANDARD_LIBRARIES = YES;
				ALWAYS_SEARCH_USER_PATHS = NO;
				CLANG_ANALYZER_NONNULL = YES;
				CLANG_ANALYZER_NUMBER_OBJECT_CONVERSION = YES_AGGRESSIVE;
				CLANG_CXX_LANGUAGE_STANDARD = "gnu++14";
				CLANG_CXX_LIBRARY = "libc++";
				CLANG_ENABLE_MODULES = YES;
				CLANG_ENABLE_OBJC_ARC = YES;
				CLANG_ENABLE_OBJC_WEAK = YES;
				CLANG_WARN_BLOCK_CAPTURE_AUTORELEASING = YES;
				CLANG_WARN_BOOL_CONVERSION = YES;
				CLANG_WARN_COMMA = YES;
				CLANG_WARN_CONSTANT_CONVERSION = YES;
				CLANG_WARN_DEPRECATED_OBJC_IMPLEMENTATIONS = YES;
				CLANG_WARN_DIRECT_OBJC_ISA_USAGE = YES_ERROR;
				CLANG_WARN_DOCUMENTATION_COMMENTS = YES;
				CLANG_WARN_EMPTY_BODY = YES;
				CLANG_WARN_ENUM_CONVERSION = YES;
				CLANG_WARN_INFINITE_RECURSION = YES;
				CLANG_WARN_INT_CONVERSION = YES;
				CLANG_WARN_NON_LITERAL_NULL_CONVERSION = YES;
				CLANG_WARN_OBJC_IMPLICIT_RETAIN_SELF = YES;
				CLANG_WARN_OBJC_LITERAL_CONVERSION = YES;
				CLANG_WARN_OBJC_ROOT_CLASS = YES_ERROR;
				CLANG_WARN_RANGE_LOOP_ANALYSIS = YES;
				CLANG_WARN_STRICT_PROTOTYPES = YES;
				CLANG_WARN_SUSPICIOUS_MOVE = YES;
				CLANG_WARN_UNGUARDED_AVAILABILITY = YES_AGGRESSIVE;
				CLANG_WARN_UNREACHABLE_CODE = YES;
				CLANG_WARN__DUPLICATE_METHOD_MATCH = YES;
				CODE_SIGN_IDENTITY = "iPhone Developer";
				COPY_PHASE_STRIP = NO;
				DEBUG_INFORMATION_FORMAT = "dwarf-with-dsym";
				ENABLE_NS_ASSERTIONS = NO;
				ENABLE_STRICT_OBJC_MSGSEND = YES;
				ENABLE_TESTABILITY = YES;
				GCC_C_LANGUAGE_STANDARD = gnu11;
				GCC_NO_COMMON_BLOCKS = YES;
				GCC_WARN_64_TO_32_BIT_CONVERSION = YES;
				GCC_WARN_ABOUT_RETURN_TYPE = YES_ERROR;
				GCC_WARN_UNDECLARED_SELECTOR = YES;
				GCC_WARN_UNINITIALIZED_AUTOS = YES_AGGRESSIVE;
				GCC_WARN_UNUSED_FUNCTION = YES;
				GCC_WARN_UNUSED_VARIABLE = YES;
				IPHONEOS_DEPLOYMENT_TARGET = 12.1;
				MTL_ENABLE_DEBUG_INFO = NO;
				MTL_FAST_MATH = YES;
				SDKROOT = iphoneos;
				SWIFT_COMPILATION_MODE = wholemodule;
				SWIFT_OPTIMIZATION_LEVEL = "-O";
				VALIDATE_PRODUCT = YES;
			};
			name = Release;
		};
		FF3EE64721BF26F600E87053 /* Debug */ = {
			isa = XCBuildConfiguration;
			buildSettings = {
				ASSETCATALOG_COMPILER_APPICON_NAME = AppIcon;
				CODE_SIGN_STYLE = Automatic;
				DEVELOPMENT_TEAM = F3W57R58JF;
				FRAMEWORK_SEARCH_PATHS = (
					"$(inherited)",
					"$(PROJECT_DIR)/Carthage/Build/iOS",
					"$(PROJECT_DIR)",
				);
				INFOPLIST_FILE = "cosmos/Supporting Files/Info.plist";
				LD_RUNPATH_SEARCH_PATHS = (
					"$(inherited)",
					"@executable_path/Frameworks",
				);
				PRODUCT_BUNDLE_IDENTIFIER = nibbit.cosmos;
				PRODUCT_NAME = "$(TARGET_NAME)";
				SWIFT_VERSION = 4.2;
				TARGETED_DEVICE_FAMILY = 1;
			};
			name = Debug;
		};
		FF3EE64821BF26F600E87053 /* Release */ = {
			isa = XCBuildConfiguration;
			buildSettings = {
				ASSETCATALOG_COMPILER_APPICON_NAME = AppIcon;
				CODE_SIGN_STYLE = Automatic;
				DEVELOPMENT_TEAM = F3W57R58JF;
				FRAMEWORK_SEARCH_PATHS = (
					"$(inherited)",
					"$(PROJECT_DIR)/Carthage/Build/iOS",
					"$(PROJECT_DIR)",
				);
				INFOPLIST_FILE = "cosmos/Supporting Files/Info.plist";
				LD_RUNPATH_SEARCH_PATHS = (
					"$(inherited)",
					"@executable_path/Frameworks",
				);
				PRODUCT_BUNDLE_IDENTIFIER = nibbit.cosmos;
				PRODUCT_NAME = "$(TARGET_NAME)";
				SWIFT_VERSION = 4.2;
				TARGETED_DEVICE_FAMILY = 1;
			};
			name = Release;
		};
		FF3EE64A21BF26F600E87053 /* Debug */ = {
			isa = XCBuildConfiguration;
			buildSettings = {
				ALWAYS_EMBED_SWIFT_STANDARD_LIBRARIES = YES;
				BUNDLE_LOADER = "$(TEST_HOST)";
				CODE_SIGN_STYLE = Automatic;
				DEVELOPMENT_TEAM = F3W57R58JF;
				FRAMEWORK_SEARCH_PATHS = (
					"$(inherited)",
					"$(PROJECT_DIR)/Carthage/Build/iOS",
					"$(PROJECT_DIR)",
				);
				INFOPLIST_FILE = cosmosTests/Info.plist;
				LD_RUNPATH_SEARCH_PATHS = (
					"$(inherited)",
					"@executable_path/Frameworks",
					"@loader_path/Frameworks",
				);
				PRODUCT_BUNDLE_IDENTIFIER = nibbit.cosmosTests;
				PRODUCT_NAME = "$(TARGET_NAME)";
				SWIFT_VERSION = 4.2;
				TARGETED_DEVICE_FAMILY = "1,2";
				TEST_HOST = "$(BUILT_PRODUCTS_DIR)/cosmos.app/cosmos";
			};
			name = Debug;
		};
		FF3EE64B21BF26F600E87053 /* Release */ = {
			isa = XCBuildConfiguration;
			buildSettings = {
				ALWAYS_EMBED_SWIFT_STANDARD_LIBRARIES = YES;
				BUNDLE_LOADER = "$(TEST_HOST)";
				CODE_SIGN_STYLE = Automatic;
				DEVELOPMENT_TEAM = F3W57R58JF;
				FRAMEWORK_SEARCH_PATHS = (
					"$(inherited)",
					"$(PROJECT_DIR)/Carthage/Build/iOS",
					"$(PROJECT_DIR)",
				);
				INFOPLIST_FILE = cosmosTests/Info.plist;
				LD_RUNPATH_SEARCH_PATHS = (
					"$(inherited)",
					"@executable_path/Frameworks",
					"@loader_path/Frameworks",
				);
				PRODUCT_BUNDLE_IDENTIFIER = nibbit.cosmosTests;
				PRODUCT_NAME = "$(TARGET_NAME)";
				SWIFT_VERSION = 4.2;
				TARGETED_DEVICE_FAMILY = "1,2";
				TEST_HOST = "$(BUILT_PRODUCTS_DIR)/cosmos.app/cosmos";
			};
			name = Release;
		};
		FF3EE64D21BF26F600E87053 /* Debug */ = {
			isa = XCBuildConfiguration;
			buildSettings = {
				ALWAYS_EMBED_SWIFT_STANDARD_LIBRARIES = YES;
				CODE_SIGN_STYLE = Automatic;
				DEVELOPMENT_TEAM = F3W57R58JF;
				FRAMEWORK_SEARCH_PATHS = (
					"$(inherited)",
					"$(PROJECT_DIR)/Carthage/Build/iOS",
					"$(PROJECT_DIR)",
				);
				INFOPLIST_FILE = cosmosUITests/Info.plist;
				LD_RUNPATH_SEARCH_PATHS = (
					"$(inherited)",
					"@executable_path/Frameworks",
					"@loader_path/Frameworks",
				);
				PRODUCT_BUNDLE_IDENTIFIER = nibbit.cosmosUITests;
				PRODUCT_NAME = "$(TARGET_NAME)";
				SWIFT_VERSION = 4.2;
				TARGETED_DEVICE_FAMILY = "1,2";
				TEST_TARGET_NAME = cosmos;
			};
			name = Debug;
		};
		FF3EE64E21BF26F600E87053 /* Release */ = {
			isa = XCBuildConfiguration;
			buildSettings = {
				ALWAYS_EMBED_SWIFT_STANDARD_LIBRARIES = YES;
				CODE_SIGN_STYLE = Automatic;
				DEVELOPMENT_TEAM = F3W57R58JF;
				FRAMEWORK_SEARCH_PATHS = (
					"$(inherited)",
					"$(PROJECT_DIR)/Carthage/Build/iOS",
					"$(PROJECT_DIR)",
				);
				INFOPLIST_FILE = cosmosUITests/Info.plist;
				LD_RUNPATH_SEARCH_PATHS = (
					"$(inherited)",
					"@executable_path/Frameworks",
					"@loader_path/Frameworks",
				);
				PRODUCT_BUNDLE_IDENTIFIER = nibbit.cosmosUITests;
				PRODUCT_NAME = "$(TARGET_NAME)";
				SWIFT_VERSION = 4.2;
				TARGETED_DEVICE_FAMILY = "1,2";
				TEST_TARGET_NAME = cosmos;
			};
			name = Release;
		};
		FF3EE68D21BF567F00E87053 /* XCtest */ = {
			isa = XCBuildConfiguration;
			buildSettings = {
				ALWAYS_EMBED_SWIFT_STANDARD_LIBRARIES = YES;
				ALWAYS_SEARCH_USER_PATHS = NO;
				CLANG_ANALYZER_NONNULL = YES;
				CLANG_ANALYZER_NUMBER_OBJECT_CONVERSION = YES_AGGRESSIVE;
				CLANG_CXX_LANGUAGE_STANDARD = "gnu++14";
				CLANG_CXX_LIBRARY = "libc++";
				CLANG_ENABLE_MODULES = YES;
				CLANG_ENABLE_OBJC_ARC = YES;
				CLANG_ENABLE_OBJC_WEAK = YES;
				CLANG_WARN_BLOCK_CAPTURE_AUTORELEASING = YES;
				CLANG_WARN_BOOL_CONVERSION = YES;
				CLANG_WARN_COMMA = YES;
				CLANG_WARN_CONSTANT_CONVERSION = YES;
				CLANG_WARN_DEPRECATED_OBJC_IMPLEMENTATIONS = YES;
				CLANG_WARN_DIRECT_OBJC_ISA_USAGE = YES_ERROR;
				CLANG_WARN_DOCUMENTATION_COMMENTS = YES;
				CLANG_WARN_EMPTY_BODY = YES;
				CLANG_WARN_ENUM_CONVERSION = YES;
				CLANG_WARN_INFINITE_RECURSION = YES;
				CLANG_WARN_INT_CONVERSION = YES;
				CLANG_WARN_NON_LITERAL_NULL_CONVERSION = YES;
				CLANG_WARN_OBJC_IMPLICIT_RETAIN_SELF = YES;
				CLANG_WARN_OBJC_LITERAL_CONVERSION = YES;
				CLANG_WARN_OBJC_ROOT_CLASS = YES_ERROR;
				CLANG_WARN_RANGE_LOOP_ANALYSIS = YES;
				CLANG_WARN_STRICT_PROTOTYPES = YES;
				CLANG_WARN_SUSPICIOUS_MOVE = YES;
				CLANG_WARN_UNGUARDED_AVAILABILITY = YES_AGGRESSIVE;
				CLANG_WARN_UNREACHABLE_CODE = YES;
				CLANG_WARN__DUPLICATE_METHOD_MATCH = YES;
				CODE_SIGN_IDENTITY = "iPhone Developer";
				COPY_PHASE_STRIP = NO;
				DEBUG_INFORMATION_FORMAT = dwarf;
				ENABLE_STRICT_OBJC_MSGSEND = YES;
				ENABLE_TESTABILITY = YES;
				GCC_C_LANGUAGE_STANDARD = gnu11;
				GCC_DYNAMIC_NO_PIC = NO;
				GCC_NO_COMMON_BLOCKS = YES;
				GCC_OPTIMIZATION_LEVEL = 0;
				GCC_PREPROCESSOR_DEFINITIONS = (
					"XCTEST=1",
					"DEBUG=1",
					"$(inherited)",
				);
				GCC_WARN_64_TO_32_BIT_CONVERSION = YES;
				GCC_WARN_ABOUT_RETURN_TYPE = YES_ERROR;
				GCC_WARN_UNDECLARED_SELECTOR = YES;
				GCC_WARN_UNINITIALIZED_AUTOS = YES_AGGRESSIVE;
				GCC_WARN_UNUSED_FUNCTION = YES;
				GCC_WARN_UNUSED_VARIABLE = YES;
				IPHONEOS_DEPLOYMENT_TARGET = 12.1;
				MTL_ENABLE_DEBUG_INFO = INCLUDE_SOURCE;
				MTL_FAST_MATH = YES;
				ONLY_ACTIVE_ARCH = YES;
				"OTHER_SWIFT_FLAGS[arch=*]" = "-D XCTEST";
				SDKROOT = iphoneos;
				SWIFT_ACTIVE_COMPILATION_CONDITIONS = DEBUG;
				SWIFT_OPTIMIZATION_LEVEL = "-Onone";
			};
			name = XCtest;
		};
		FF3EE68E21BF567F00E87053 /* XCtest */ = {
			isa = XCBuildConfiguration;
			buildSettings = {
				ASSETCATALOG_COMPILER_APPICON_NAME = AppIcon;
				CODE_SIGN_STYLE = Automatic;
				DEVELOPMENT_TEAM = F3W57R58JF;
				FRAMEWORK_SEARCH_PATHS = (
					"$(inherited)",
					"$(PROJECT_DIR)/Carthage/Build/iOS",
					"$(PROJECT_DIR)",
				);
				INFOPLIST_FILE = "cosmos/Supporting Files/Info.plist";
				LD_RUNPATH_SEARCH_PATHS = (
					"$(inherited)",
					"@executable_path/Frameworks",
				);
				PRODUCT_BUNDLE_IDENTIFIER = nibbit.cosmos;
				PRODUCT_NAME = "$(TARGET_NAME)";
				SWIFT_VERSION = 4.2;
				TARGETED_DEVICE_FAMILY = 1;
			};
			name = XCtest;
		};
		FF3EE68F21BF567F00E87053 /* XCtest */ = {
			isa = XCBuildConfiguration;
			buildSettings = {
				ALWAYS_EMBED_SWIFT_STANDARD_LIBRARIES = YES;
				BUNDLE_LOADER = "$(TEST_HOST)";
				CODE_SIGN_STYLE = Automatic;
				DEVELOPMENT_TEAM = F3W57R58JF;
				FRAMEWORK_SEARCH_PATHS = (
					"$(inherited)",
					"$(PROJECT_DIR)/Carthage/Build/iOS",
					"$(PROJECT_DIR)",
				);
				INFOPLIST_FILE = cosmosTests/Info.plist;
				LD_RUNPATH_SEARCH_PATHS = (
					"$(inherited)",
					"@executable_path/Frameworks",
					"@loader_path/Frameworks",
				);
				PRODUCT_BUNDLE_IDENTIFIER = nibbit.cosmosTests;
				PRODUCT_NAME = "$(TARGET_NAME)";
				SWIFT_VERSION = 4.2;
				TARGETED_DEVICE_FAMILY = "1,2";
				TEST_HOST = "$(BUILT_PRODUCTS_DIR)/cosmos.app/cosmos";
			};
			name = XCtest;
		};
		FF3EE69021BF567F00E87053 /* XCtest */ = {
			isa = XCBuildConfiguration;
			buildSettings = {
				ALWAYS_EMBED_SWIFT_STANDARD_LIBRARIES = YES;
				CODE_SIGN_STYLE = Automatic;
				DEVELOPMENT_TEAM = F3W57R58JF;
				FRAMEWORK_SEARCH_PATHS = (
					"$(inherited)",
					"$(PROJECT_DIR)/Carthage/Build/iOS",
					"$(PROJECT_DIR)",
				);
				INFOPLIST_FILE = cosmosUITests/Info.plist;
				LD_RUNPATH_SEARCH_PATHS = (
					"$(inherited)",
					"@executable_path/Frameworks",
					"@loader_path/Frameworks",
				);
				PRODUCT_BUNDLE_IDENTIFIER = nibbit.cosmosUITests;
				PRODUCT_NAME = "$(TARGET_NAME)";
				SWIFT_VERSION = 4.2;
				TARGETED_DEVICE_FAMILY = "1,2";
				TEST_TARGET_NAME = cosmos;
			};
			name = XCtest;
		};
/* End XCBuildConfiguration section */

/* Begin XCConfigurationList section */
		FF3EE61621BF26F500E87053 /* Build configuration list for PBXProject "cosmos" */ = {
			isa = XCConfigurationList;
			buildConfigurations = (
				FF3EE64421BF26F600E87053 /* Debug */,
				FF3EE68D21BF567F00E87053 /* XCtest */,
				FF3EE64521BF26F600E87053 /* Release */,
			);
			defaultConfigurationIsVisible = 0;
			defaultConfigurationName = XCtest;
		};
		FF3EE64621BF26F600E87053 /* Build configuration list for PBXNativeTarget "cosmos" */ = {
			isa = XCConfigurationList;
			buildConfigurations = (
				FF3EE64721BF26F600E87053 /* Debug */,
				FF3EE68E21BF567F00E87053 /* XCtest */,
				FF3EE64821BF26F600E87053 /* Release */,
			);
			defaultConfigurationIsVisible = 0;
			defaultConfigurationName = XCtest;
		};
		FF3EE64921BF26F600E87053 /* Build configuration list for PBXNativeTarget "cosmosTests" */ = {
			isa = XCConfigurationList;
			buildConfigurations = (
				FF3EE64A21BF26F600E87053 /* Debug */,
				FF3EE68F21BF567F00E87053 /* XCtest */,
				FF3EE64B21BF26F600E87053 /* Release */,
			);
			defaultConfigurationIsVisible = 0;
			defaultConfigurationName = XCtest;
		};
		FF3EE64C21BF26F600E87053 /* Build configuration list for PBXNativeTarget "cosmosUITests" */ = {
			isa = XCConfigurationList;
			buildConfigurations = (
				FF3EE64D21BF26F600E87053 /* Debug */,
				FF3EE69021BF567F00E87053 /* XCtest */,
				FF3EE64E21BF26F600E87053 /* Release */,
			);
			defaultConfigurationIsVisible = 0;
			defaultConfigurationName = XCtest;
		};
/* End XCConfigurationList section */

/* Begin XCVersionGroup section */
		FF3EE62521BF26F500E87053 /* cosmos.xcdatamodeld */ = {
			isa = XCVersionGroup;
			children = (
				FF3EE62621BF26F500E87053 /* cosmos.xcdatamodel */,
			);
			currentVersion = FF3EE62621BF26F500E87053 /* cosmos.xcdatamodel */;
			path = cosmos.xcdatamodeld;
			sourceTree = "<group>";
			versionGroupType = wrapper.xcdatamodel;
		};
/* End XCVersionGroup section */
	};
	rootObject = FF3EE61321BF26F500E87053 /* Project object */;
}
